
Microsoft Visual Studio Solution File, Format Version 12.00
# Visual Studio Version 16
VisualStudioVersion = 16.0.29920.165
MinimumVisualStudioVersion = 10.0.40219.1
Project("{FAE04EC0-301F-11D3-BF4B-00C04F79EFBC}") = "Stock", "Stock\Stock.csproj", "{257BC2C4-46F4-4807-8B49-EA09B398C6E0}"
EndProject
Project("{54435603-DBB4-11D2-8724-00A0C9A8B90C}") = "Stock Application", "..\..\..\..\..\source\repos\Stock Application\Stock Application.vdproj", "{066DC739-19ED-427D-8EE8-2F3A429BDFA6}"
EndProject
Global
	GlobalSection(SolutionConfigurationPlatforms) = preSolution
		Debug|Any CPU = Debug|Any CPU
		Release|Any CPU = Release|Any CPU
	EndGlobalSection
	GlobalSection(ProjectConfigurationPlatforms) = postSolution
		{257BC2C4-46F4-4807-8B49-EA09B398C6E0}.Debug|Any CPU.ActiveCfg = Debug|Any CPU
		{257BC2C4-46F4-4807-8B49-EA09B398C6E0}.Debug|Any CPU.Build.0 = Debug|Any CPU
		{257BC2C4-46F4-4807-8B49-EA09B398C6E0}.Release|Any CPU.ActiveCfg = Release|Any CPU
		{257BC2C4-46F4-4807-8B49-EA09B398C6E0}.Release|Any CPU.Build.0 = Release|Any CPU
		{066DC739-19ED-427D-8EE8-2F3A429BDFA6}.Debug|Any CPU.ActiveCfg = Debug
		{066DC739-19ED-427D-8EE8-2F3A429BDFA6}.Release|Any CPU.ActiveCfg = Release
	EndGlobalSection
	GlobalSection(SolutionProperties) = preSolution
		HideSolutionNode = FALSE
	EndGlobalSection
	GlobalSection(ExtensibilityGlobals) = postSolution
		SolutionGuid = {CD1376CA-BC1F-4BDE-9C7C-652BE2EB54D6}
	EndGlobalSection
EndGlobal
